
Microsoft Visual Studio Solution File, Format Version 12.00
# Visual Studio Version 16
VisualStudioVersion = 16.0.31702.278
MinimumVisualStudioVersion = 10.0.40219.1
Project("{FAE04EC0-301F-11D3-BF4B-00C04F79EFBC}") = "damn", "damn\damn.csproj", "{04CC58A4-BC21-4327-9419-5F98D134AEDE}"
EndProject
Global
	GlobalSection(SolutionConfigurationPlatforms) = preSolution
		Debug|Any CPU = Debug|Any CPU
		Release|Any CPU = Release|Any CPU
	EndGlobalSection
	GlobalSection(ProjectConfigurationPlatforms) = postSolution
		{04CC58A4-BC21-4327-9419-5F98D134AEDE}.Debug|Any CPU.ActiveCfg = Debug|Any CPU
		{04CC58A4-BC21-4327-9419-5F98D134AEDE}.Debug|Any CPU.Build.0 = Debug|Any CPU
		{04CC58A4-BC21-4327-9419-5F98D134AEDE}.Release|Any CPU.ActiveCfg = Release|Any CPU
		{04CC58A4-BC21-4327-9419-5F98D134AEDE}.Release|Any CPU.Build.0 = Release|Any CPU
	EndGlobalSection
	GlobalSection(SolutionProperties) = preSolution
		HideSolutionNode = FALSE
	EndGlobalSection
	GlobalSection(ExtensibilityGlobals) = postSolution
		SolutionGuid = {A9F0F2A2-BA1B-470F-AF8D-94D4046BC199}
	EndGlobalSection
EndGlobal
